
Microsoft Visual Studio Solution File, Format Version 12.00
# Visual Studio Version 17
VisualStudioVersion = 17.2.32519.379
MinimumVisualStudioVersion = 10.0.40219.1
Project("{FAE04EC0-301F-11D3-BF4B-00C04F79EFBC}") = "ConstructorsAndInheritanceExercise", "ConstructorsAndInheritanceExercise\ConstructorsAndInheritanceExercise.csproj", "{5FBE2325-0A29-4D76-B5C3-7F458850E37D}"
EndProject
Global
	GlobalSection(SolutionConfigurationPlatforms) = preSolution
		Debug|Any CPU = Debug|Any CPU
		Release|Any CPU = Release|Any CPU
	EndGlobalSection
	GlobalSection(ProjectConfigurationPlatforms) = postSolution
		{5FBE2325-0A29-4D76-B5C3-7F458850E37D}.Debug|Any CPU.ActiveCfg = Debug|Any CPU
		{5FBE2325-0A29-4D76-B5C3-7F458850E37D}.Debug|Any CPU.Build.0 = Debug|Any CPU
		{5FBE2325-0A29-4D76-B5C3-7F458850E37D}.Release|Any CPU.ActiveCfg = Release|Any CPU
		{5FBE2325-0A29-4D76-B5C3-7F458850E37D}.Release|Any CPU.Build.0 = Release|Any CPU
	EndGlobalSection
	GlobalSection(SolutionProperties) = preSolution
		HideSolutionNode = FALSE
	EndGlobalSection
	GlobalSection(ExtensibilityGlobals) = postSolution
		SolutionGuid = {CAD9C8DF-3C95-4026-8CD5-209DCB95BBF9}
	EndGlobalSection
EndGlobal
